// !$*UTF8*$!
{
	archiveVersion = 1;
	classes = {
	};
	objectVersion = 46;
	objects = {

/* Begin PBXBuildFile section */
		BBAF9C1E1B831B6C006B0995 /* main.m in Sources */ = {isa = PBXBuildFile; fileRef = BBAF9C1D1B831B6C006B0995 /* main.m */; };
		BBAF9C211B831B6C006B0995 /* AppDelegate.m in Sources */ = {isa = PBXBuildFile; fileRef = BBAF9C201B831B6C006B0995 /* AppDelegate.m */; };
		BBAF9C241B831B6C006B0995 /* ViewController.m in Sources */ = {isa = PBXBuildFile; fileRef = BBAF9C231B831B6C006B0995 /* ViewController.m */; };
		BBAF9C271B831B6C006B0995 /* Main.storyboard in Resources */ = {isa = PBXBuildFile; fileRef = BBAF9C251B831B6C006B0995 /* Main.storyboard */; };
		BBAF9C291B831B6C006B0995 /* Images.xcassets in Resources */ = {isa = PBXBuildFile; fileRef = BBAF9C281B831B6C006B0995 /* Images.xcassets */; };
		BBAF9C2C1B831B6C006B0995 /* LaunchScreen.xib in Resources */ = {isa = PBXBuildFile; fileRef = BBAF9C2A1B831B6C006B0995 /* LaunchScreen.xib */; };
		BBAF9C381B831B6C006B0995 /* DreamTripsKeyboardTests.m in Sources */ = {isa = PBXBuildFile; fileRef = BBAF9C371B831B6C006B0995 /* DreamTripsKeyboardTests.m */; };
		BBAF9C4B1B831B98006B0995 /* KeyboardViewController.m in Sources */ = {isa = PBXBuildFile; fileRef = BBAF9C4A1B831B98006B0995 /* KeyboardViewController.m */; };
		BBAF9C4E1B831B98006B0995 /* DreamTripsTestetsKeyboard.appex in Embed App Extensions */ = {isa = PBXBuildFile; fileRef = BBAF9C451B831B98006B0995 /* DreamTripsTestetsKeyboard.appex */; settings = {ATTRIBUTES = (RemoveHeadersOnCopy, ); }; };
		BBAF9C701B831C24006B0995 /* MASCompositeConstraint.m in Sources */ = {isa = PBXBuildFile; fileRef = BBAF9C571B831C24006B0995 /* MASCompositeConstraint.m */; };
		BBAF9C711B831C24006B0995 /* MASCompositeConstraint.m in Sources */ = {isa = PBXBuildFile; fileRef = BBAF9C571B831C24006B0995 /* MASCompositeConstraint.m */; };
		BBAF9C721B831C24006B0995 /* MASConstraint.m in Sources */ = {isa = PBXBuildFile; fileRef = BBAF9C5A1B831C24006B0995 /* MASConstraint.m */; };
		BBAF9C731B831C24006B0995 /* MASConstraint.m in Sources */ = {isa = PBXBuildFile; fileRef = BBAF9C5A1B831C24006B0995 /* MASConstraint.m */; };
		BBAF9C741B831C24006B0995 /* MASConstraintMaker.m in Sources */ = {isa = PBXBuildFile; fileRef = BBAF9C5C1B831C24006B0995 /* MASConstraintMaker.m */; };
		BBAF9C751B831C24006B0995 /* MASConstraintMaker.m in Sources */ = {isa = PBXBuildFile; fileRef = BBAF9C5C1B831C24006B0995 /* MASConstraintMaker.m */; };
		BBAF9C761B831C24006B0995 /* MASLayoutConstraint.m in Sources */ = {isa = PBXBuildFile; fileRef = BBAF9C5E1B831C24006B0995 /* MASLayoutConstraint.m */; };
		BBAF9C771B831C24006B0995 /* MASLayoutConstraint.m in Sources */ = {isa = PBXBuildFile; fileRef = BBAF9C5E1B831C24006B0995 /* MASLayoutConstraint.m */; };
		BBAF9C781B831C24006B0995 /* MASViewAttribute.m in Sources */ = {isa = PBXBuildFile; fileRef = BBAF9C621B831C24006B0995 /* MASViewAttribute.m */; };
		BBAF9C791B831C24006B0995 /* MASViewAttribute.m in Sources */ = {isa = PBXBuildFile; fileRef = BBAF9C621B831C24006B0995 /* MASViewAttribute.m */; };
		BBAF9C7A1B831C24006B0995 /* MASViewConstraint.m in Sources */ = {isa = PBXBuildFile; fileRef = BBAF9C641B831C24006B0995 /* MASViewConstraint.m */; };
		BBAF9C7B1B831C24006B0995 /* MASViewConstraint.m in Sources */ = {isa = PBXBuildFile; fileRef = BBAF9C641B831C24006B0995 /* MASViewConstraint.m */; };
		BBAF9C7C1B831C24006B0995 /* NSArray+MASAdditions.m in Sources */ = {isa = PBXBuildFile; fileRef = BBAF9C661B831C24006B0995 /* NSArray+MASAdditions.m */; };
		BBAF9C7D1B831C24006B0995 /* NSArray+MASAdditions.m in Sources */ = {isa = PBXBuildFile; fileRef = BBAF9C661B831C24006B0995 /* NSArray+MASAdditions.m */; };
		BBAF9C7E1B831C24006B0995 /* NSLayoutConstraint+MASDebugAdditions.m in Sources */ = {isa = PBXBuildFile; fileRef = BBAF9C691B831C24006B0995 /* NSLayoutConstraint+MASDebugAdditions.m */; };
		BBAF9C7F1B831C24006B0995 /* NSLayoutConstraint+MASDebugAdditions.m in Sources */ = {isa = PBXBuildFile; fileRef = BBAF9C691B831C24006B0995 /* NSLayoutConstraint+MASDebugAdditions.m */; };
		BBAF9C801B831C24006B0995 /* View+MASAdditions.m in Sources */ = {isa = PBXBuildFile; fileRef = BBAF9C6B1B831C24006B0995 /* View+MASAdditions.m */; };
		BBAF9C811B831C24006B0995 /* View+MASAdditions.m in Sources */ = {isa = PBXBuildFile; fileRef = BBAF9C6B1B831C24006B0995 /* View+MASAdditions.m */; };
/* End PBXBuildFile section */

/* Begin PBXContainerItemProxy section */
		BBAF9C321B831B6C006B0995 /* PBXContainerItemProxy */ = {
			isa = PBXContainerItemProxy;
			containerPortal = BBAF9C101B831B6C006B0995 /* Project object */;
			proxyType = 1;
			remoteGlobalIDString = BBAF9C171B831B6C006B0995;
			remoteInfo = DreamTripsKeyboard;
		};
		BBAF9C4C1B831B98006B0995 /* PBXContainerItemProxy */ = {
			isa = PBXContainerItemProxy;
			containerPortal = BBAF9C101B831B6C006B0995 /* Project object */;
			proxyType = 1;
			remoteGlobalIDString = BBAF9C441B831B98006B0995;
			remoteInfo = DreamTripsTestetsKeyboard;
		};
/* End PBXContainerItemProxy section */

/* Begin PBXCopyFilesBuildPhase section */
		BBAF9C521B831B98006B0995 /* Embed App Extensions */ = {
			isa = PBXCopyFilesBuildPhase;
			buildActionMask = 2147483647;
			dstPath = "";
			dstSubfolderSpec = 13;
			files = (
				BBAF9C4E1B831B98006B0995 /* DreamTripsTestetsKeyboard.appex in Embed App Extensions */,
			);
			name = "Embed App Extensions";
			runOnlyForDeploymentPostprocessing = 0;
		};
/* End PBXCopyFilesBuildPhase section */

/* Begin PBXFileReference section */
		BBAF9C181B831B6C006B0995 /* DreamTripsKeyboard.app */ = {isa = PBXFileReference; explicitFileType = wrapper.application; includeInIndex = 0; path = DreamTripsKeyboard.app; sourceTree = BUILT_PRODUCTS_DIR; };
		BBAF9C1C1B831B6C006B0995 /* Info.plist */ = {isa = PBXFileReference; lastKnownFileType = text.plist.xml; path = Info.plist; sourceTree = "<group>"; };
		BBAF9C1D1B831B6C006B0995 /* main.m */ = {isa = PBXFileReference; lastKnownFileType = sourcecode.c.objc; path = main.m; sourceTree = "<group>"; };
		BBAF9C1F1B831B6C006B0995 /* AppDelegate.h */ = {isa = PBXFileReference; lastKnownFileType = sourcecode.c.h; path = AppDelegate.h; sourceTree = "<group>"; };
		BBAF9C201B831B6C006B0995 /* AppDelegate.m */ = {isa = PBXFileReference; lastKnownFileType = sourcecode.c.objc; path = AppDelegate.m; sourceTree = "<group>"; };
		BBAF9C221B831B6C006B0995 /* ViewController.h */ = {isa = PBXFileReference; lastKnownFileType = sourcecode.c.h; path = ViewController.h; sourceTree = "<group>"; };
		BBAF9C231B831B6C006B0995 /* ViewController.m */ = {isa = PBXFileReference; lastKnownFileType = sourcecode.c.objc; path = ViewController.m; sourceTree = "<group>"; };
		BBAF9C261B831B6C006B0995 /* Base */ = {isa = PBXFileReference; lastKnownFileType = file.storyboard; name = Base; path = Base.lproj/Main.storyboard; sourceTree = "<group>"; };
		BBAF9C281B831B6C006B0995 /* Images.xcassets */ = {isa = PBXFileReference; lastKnownFileType = folder.assetcatalog; path = Images.xcassets; sourceTree = "<group>"; };
		BBAF9C2B1B831B6C006B0995 /* Base */ = {isa = PBXFileReference; lastKnownFileType = file.xib; name = Base; path = Base.lproj/LaunchScreen.xib; sourceTree = "<group>"; };
		BBAF9C311B831B6C006B0995 /* DreamTripsKeyboardTests.xctest */ = {isa = PBXFileReference; explicitFileType = wrapper.cfbundle; includeInIndex = 0; path = DreamTripsKeyboardTests.xctest; sourceTree = BUILT_PRODUCTS_DIR; };
		BBAF9C361B831B6C006B0995 /* Info.plist */ = {isa = PBXFileReference; lastKnownFileType = text.plist.xml; path = Info.plist; sourceTree = "<group>"; };
		BBAF9C371B831B6C006B0995 /* DreamTripsKeyboardTests.m */ = {isa = PBXFileReference; lastKnownFileType = sourcecode.c.objc; path = DreamTripsKeyboardTests.m; sourceTree = "<group>"; };
		BBAF9C451B831B98006B0995 /* DreamTripsTestetsKeyboard.appex */ = {isa = PBXFileReference; explicitFileType = "wrapper.app-extension"; includeInIndex = 0; path = DreamTripsTestetsKeyboard.appex; sourceTree = BUILT_PRODUCTS_DIR; };
		BBAF9C481B831B98006B0995 /* Info.plist */ = {isa = PBXFileReference; lastKnownFileType = text.plist.xml; path = Info.plist; sourceTree = "<group>"; };
		BBAF9C491B831B98006B0995 /* KeyboardViewController.h */ = {isa = PBXFileReference; lastKnownFileType = sourcecode.c.h; path = KeyboardViewController.h; sourceTree = "<group>"; };
		BBAF9C4A1B831B98006B0995 /* KeyboardViewController.m */ = {isa = PBXFileReference; lastKnownFileType = sourcecode.c.objc; path = KeyboardViewController.m; sourceTree = "<group>"; };
		BBAF9C561B831C24006B0995 /* MASCompositeConstraint.h */ = {isa = PBXFileReference; fileEncoding = 4; lastKnownFileType = sourcecode.c.h; path = MASCompositeConstraint.h; sourceTree = "<group>"; };
		BBAF9C571B831C24006B0995 /* MASCompositeConstraint.m */ = {isa = PBXFileReference; fileEncoding = 4; lastKnownFileType = sourcecode.c.objc; path = MASCompositeConstraint.m; sourceTree = "<group>"; };
		BBAF9C581B831C24006B0995 /* MASConstraint+Private.h */ = {isa = PBXFileReference; fileEncoding = 4; lastKnownFileType = sourcecode.c.h; path = "MASConstraint+Private.h"; sourceTree = "<group>"; };
		BBAF9C591B831C24006B0995 /* MASConstraint.h */ = {isa = PBXFileReference; fileEncoding = 4; lastKnownFileType = sourcecode.c.h; path = MASConstraint.h; sourceTree = "<group>"; };
		BBAF9C5A1B831C24006B0995 /* MASConstraint.m */ = {isa = PBXFileReference; fileEncoding = 4; lastKnownFileType = sourcecode.c.objc; path = MASConstraint.m; sourceTree = "<group>"; };
		BBAF9C5B1B831C24006B0995 /* MASConstraintMaker.h */ = {isa = PBXFileReference; fileEncoding = 4; lastKnownFileType = sourcecode.c.h; path = MASConstraintMaker.h; sourceTree = "<group>"; };
		BBAF9C5C1B831C24006B0995 /* MASConstraintMaker.m */ = {isa = PBXFileReference; fileEncoding = 4; lastKnownFileType = sourcecode.c.objc; path = MASConstraintMaker.m; sourceTree = "<group>"; };
		BBAF9C5D1B831C24006B0995 /* MASLayoutConstraint.h */ = {isa = PBXFileReference; fileEncoding = 4; lastKnownFileType = sourcecode.c.h; path = MASLayoutConstraint.h; sourceTree = "<group>"; };
		BBAF9C5E1B831C24006B0995 /* MASLayoutConstraint.m */ = {isa = PBXFileReference; fileEncoding = 4; lastKnownFileType = sourcecode.c.objc; path = MASLayoutConstraint.m; sourceTree = "<group>"; };
		BBAF9C5F1B831C24006B0995 /* Masonry.h */ = {isa = PBXFileReference; fileEncoding = 4; lastKnownFileType = sourcecode.c.h; path = Masonry.h; sourceTree = "<group>"; };
		BBAF9C601B831C24006B0995 /* MASUtilities.h */ = {isa = PBXFileReference; fileEncoding = 4; lastKnownFileType = sourcecode.c.h; path = MASUtilities.h; sourceTree = "<group>"; };
		BBAF9C611B831C24006B0995 /* MASViewAttribute.h */ = {isa = PBXFileReference; fileEncoding = 4; lastKnownFileType = sourcecode.c.h; path = MASViewAttribute.h; sourceTree = "<group>"; };
		BBAF9C621B831C24006B0995 /* MASViewAttribute.m */ = {isa = PBXFileReference; fileEncoding = 4; lastKnownFileType = sourcecode.c.objc; path = MASViewAttribute.m; sourceTree = "<group>"; };
		BBAF9C631B831C24006B0995 /* MASViewConstraint.h */ = {isa = PBXFileReference; fileEncoding = 4; lastKnownFileType = sourcecode.c.h; path = MASViewConstraint.h; sourceTree = "<group>"; };
		BBAF9C641B831C24006B0995 /* MASViewConstraint.m */ = {isa = PBXFileReference; fileEncoding = 4; lastKnownFileType = sourcecode.c.objc; path = MASViewConstraint.m; sourceTree = "<group>"; };
		BBAF9C651B831C24006B0995 /* NSArray+MASAdditions.h */ = {isa = PBXFileReference; fileEncoding = 4; lastKnownFileType = sourcecode.c.h; path = "NSArray+MASAdditions.h"; sourceTree = "<group>"; };
		BBAF9C661B831C24006B0995 /* NSArray+MASAdditions.m */ = {isa = PBXFileReference; fileEncoding = 4; lastKnownFileType = sourcecode.c.objc; path = "NSArray+MASAdditions.m"; sourceTree = "<group>"; };
		BBAF9C671B831C24006B0995 /* NSArray+MASShorthandAdditions.h */ = {isa = PBXFileReference; fileEncoding = 4; lastKnownFileType = sourcecode.c.h; path = "NSArray+MASShorthandAdditions.h"; sourceTree = "<group>"; };
		BBAF9C681B831C24006B0995 /* NSLayoutConstraint+MASDebugAdditions.h */ = {isa = PBXFileReference; fileEncoding = 4; lastKnownFileType = sourcecode.c.h; path = "NSLayoutConstraint+MASDebugAdditions.h"; sourceTree = "<group>"; };
		BBAF9C691B831C24006B0995 /* NSLayoutConstraint+MASDebugAdditions.m */ = {isa = PBXFileReference; fileEncoding = 4; lastKnownFileType = sourcecode.c.objc; path = "NSLayoutConstraint+MASDebugAdditions.m"; sourceTree = "<group>"; };
		BBAF9C6A1B831C24006B0995 /* View+MASAdditions.h */ = {isa = PBXFileReference; fileEncoding = 4; lastKnownFileType = sourcecode.c.h; path = "View+MASAdditions.h"; sourceTree = "<group>"; };
		BBAF9C6B1B831C24006B0995 /* View+MASAdditions.m */ = {isa = PBXFileReference; fileEncoding = 4; lastKnownFileType = sourcecode.c.objc; path = "View+MASAdditions.m"; sourceTree = "<group>"; };
		BBAF9C6C1B831C24006B0995 /* View+MASShorthandAdditions.h */ = {isa = PBXFileReference; fileEncoding = 4; lastKnownFileType = sourcecode.c.h; path = "View+MASShorthandAdditions.h"; sourceTree = "<group>"; };
/* End PBXFileReference section */

/* Begin PBXFrameworksBuildPhase section */
		BBAF9C151B831B6C006B0995 /* Frameworks */ = {
			isa = PBXFrameworksBuildPhase;
			buildActionMask = 2147483647;
			files = (
			);
			runOnlyForDeploymentPostprocessing = 0;
		};
		BBAF9C2E1B831B6C006B0995 /* Frameworks */ = {
			isa = PBXFrameworksBuildPhase;
			buildActionMask = 2147483647;
			files = (
			);
			runOnlyForDeploymentPostprocessing = 0;
		};
		BBAF9C421B831B98006B0995 /* Frameworks */ = {
			isa = PBXFrameworksBuildPhase;
			buildActionMask = 2147483647;
			files = (
			);
			runOnlyForDeploymentPostprocessing = 0;
		};
/* End PBXFrameworksBuildPhase section */

/* Begin PBXGroup section */
		BBAF9C0F1B831B6C006B0995 = {
			isa = PBXGroup;
			children = (
				BBAF9C1A1B831B6C006B0995 /* DreamTripsKeyboard */,
				BBAF9C341B831B6C006B0995 /* DreamTripsKeyboardTests */,
				BBAF9C461B831B98006B0995 /* DreamTripsTestetsKeyboard */,
				BBAF9C191B831B6C006B0995 /* Products */,
			);
			sourceTree = "<group>";
		};
		BBAF9C191B831B6C006B0995 /* Products */ = {
			isa = PBXGroup;
			children = (
				BBAF9C181B831B6C006B0995 /* DreamTripsKeyboard.app */,
				BBAF9C311B831B6C006B0995 /* DreamTripsKeyboardTests.xctest */,
				BBAF9C451B831B98006B0995 /* DreamTripsTestetsKeyboard.appex */,
			);
			name = Products;
			sourceTree = "<group>";
		};
		BBAF9C1A1B831B6C006B0995 /* DreamTripsKeyboard */ = {
			isa = PBXGroup;
			children = (
				BBAF9C531B831C24006B0995 /* Masonry */,
				BBAF9C1F1B831B6C006B0995 /* AppDelegate.h */,
				BBAF9C201B831B6C006B0995 /* AppDelegate.m */,
				BBAF9C221B831B6C006B0995 /* ViewController.h */,
				BBAF9C231B831B6C006B0995 /* ViewController.m */,
				BBAF9C251B831B6C006B0995 /* Main.storyboard */,
				BBAF9C281B831B6C006B0995 /* Images.xcassets */,
				BBAF9C2A1B831B6C006B0995 /* LaunchScreen.xib */,
				BBAF9C1B1B831B6C006B0995 /* Supporting Files */,
			);
			path = DreamTripsKeyboard;
			sourceTree = "<group>";
		};
		BBAF9C1B1B831B6C006B0995 /* Supporting Files */ = {
			isa = PBXGroup;
			children = (
				BBAF9C1C1B831B6C006B0995 /* Info.plist */,
				BBAF9C1D1B831B6C006B0995 /* main.m */,
			);
			name = "Supporting Files";
			sourceTree = "<group>";
		};
		BBAF9C341B831B6C006B0995 /* DreamTripsKeyboardTests */ = {
			isa = PBXGroup;
			children = (
				BBAF9C371B831B6C006B0995 /* DreamTripsKeyboardTests.m */,
				BBAF9C351B831B6C006B0995 /* Supporting Files */,
			);
			path = DreamTripsKeyboardTests;
			sourceTree = "<group>";
		};
		BBAF9C351B831B6C006B0995 /* Supporting Files */ = {
			isa = PBXGroup;
			children = (
				BBAF9C361B831B6C006B0995 /* Info.plist */,
			);
			name = "Supporting Files";
			sourceTree = "<group>";
		};
		BBAF9C461B831B98006B0995 /* DreamTripsTestetsKeyboard */ = {
			isa = PBXGroup;
			children = (
				BBAF9C491B831B98006B0995 /* KeyboardViewController.h */,
				BBAF9C4A1B831B98006B0995 /* KeyboardViewController.m */,
				BBAF9C471B831B98006B0995 /* Supporting Files */,
			);
			path = DreamTripsTestetsKeyboard;
			sourceTree = "<group>";
		};
		BBAF9C471B831B98006B0995 /* Supporting Files */ = {
			isa = PBXGroup;
			children = (
				BBAF9C481B831B98006B0995 /* Info.plist */,
			);
			name = "Supporting Files";
			sourceTree = "<group>";
		};
		BBAF9C531B831C24006B0995 /* Masonry */ = {
			isa = PBXGroup;
			children = (
				BBAF9C551B831C24006B0995 /* Masonry */,
			);
			path = Masonry;
			sourceTree = "<group>";
		};
		BBAF9C551B831C24006B0995 /* Masonry */ = {
			isa = PBXGroup;
			children = (
				BBAF9C561B831C24006B0995 /* MASCompositeConstraint.h */,
				BBAF9C571B831C24006B0995 /* MASCompositeConstraint.m */,
				BBAF9C581B831C24006B0995 /* MASConstraint+Private.h */,
				BBAF9C591B831C24006B0995 /* MASConstraint.h */,
				BBAF9C5A1B831C24006B0995 /* MASConstraint.m */,
				BBAF9C5B1B831C24006B0995 /* MASConstraintMaker.h */,
				BBAF9C5C1B831C24006B0995 /* MASConstraintMaker.m */,
				BBAF9C5D1B831C24006B0995 /* MASLayoutConstraint.h */,
				BBAF9C5E1B831C24006B0995 /* MASLayoutConstraint.m */,
				BBAF9C5F1B831C24006B0995 /* Masonry.h */,
				BBAF9C601B831C24006B0995 /* MASUtilities.h */,
				BBAF9C611B831C24006B0995 /* MASViewAttribute.h */,
				BBAF9C621B831C24006B0995 /* MASViewAttribute.m */,
				BBAF9C631B831C24006B0995 /* MASViewConstraint.h */,
				BBAF9C641B831C24006B0995 /* MASViewConstraint.m */,
				BBAF9C651B831C24006B0995 /* NSArray+MASAdditions.h */,
				BBAF9C661B831C24006B0995 /* NSArray+MASAdditions.m */,
				BBAF9C671B831C24006B0995 /* NSArray+MASShorthandAdditions.h */,
				BBAF9C681B831C24006B0995 /* NSLayoutConstraint+MASDebugAdditions.h */,
				BBAF9C691B831C24006B0995 /* NSLayoutConstraint+MASDebugAdditions.m */,
				BBAF9C6A1B831C24006B0995 /* View+MASAdditions.h */,
				BBAF9C6B1B831C24006B0995 /* View+MASAdditions.m */,
				BBAF9C6C1B831C24006B0995 /* View+MASShorthandAdditions.h */,
			);
			path = Masonry;
			sourceTree = "<group>";
		};
/* End PBXGroup section */

/* Begin PBXNativeTarget section */
		BBAF9C171B831B6C006B0995 /* DreamTripsKeyboard */ = {
			isa = PBXNativeTarget;
			buildConfigurationList = BBAF9C3B1B831B6C006B0995 /* Build configuration list for PBXNativeTarget "DreamTripsKeyboard" */;
			buildPhases = (
				BBAF9C141B831B6C006B0995 /* Sources */,
				BBAF9C151B831B6C006B0995 /* Frameworks */,
				BBAF9C161B831B6C006B0995 /* Resources */,
				BBAF9C521B831B98006B0995 /* Embed App Extensions */,
			);
			buildRules = (
			);
			dependencies = (
				BBAF9C4D1B831B98006B0995 /* PBXTargetDependency */,
			);
			name = DreamTripsKeyboard;
			productName = DreamTripsKeyboard;
			productReference = BBAF9C181B831B6C006B0995 /* DreamTripsKeyboard.app */;
			productType = "com.apple.product-type.application";
		};
		BBAF9C301B831B6C006B0995 /* DreamTripsKeyboardTests */ = {
			isa = PBXNativeTarget;
			buildConfigurationList = BBAF9C3E1B831B6C006B0995 /* Build configuration list for PBXNativeTarget "DreamTripsKeyboardTests" */;
			buildPhases = (
				BBAF9C2D1B831B6C006B0995 /* Sources */,
				BBAF9C2E1B831B6C006B0995 /* Frameworks */,
				BBAF9C2F1B831B6C006B0995 /* Resources */,
			);
			buildRules = (
			);
			dependencies = (
				BBAF9C331B831B6C006B0995 /* PBXTargetDependency */,
			);
			name = DreamTripsKeyboardTests;
			productName = DreamTripsKeyboardTests;
			productReference = BBAF9C311B831B6C006B0995 /* DreamTripsKeyboardTests.xctest */;
			productType = "com.apple.product-type.bundle.unit-test";
		};
		BBAF9C441B831B98006B0995 /* DreamTripsTestetsKeyboard */ = {
			isa = PBXNativeTarget;
			buildConfigurationList = BBAF9C4F1B831B98006B0995 /* Build configuration list for PBXNativeTarget "DreamTripsTestetsKeyboard" */;
			buildPhases = (
				BBAF9C411B831B98006B0995 /* Sources */,
				BBAF9C421B831B98006B0995 /* Frameworks */,
				BBAF9C431B831B98006B0995 /* Resources */,
			);
			buildRules = (
			);
			dependencies = (
			);
			name = DreamTripsTestetsKeyboard;
			productName = DreamTripsTestetsKeyboard;
			productReference = BBAF9C451B831B98006B0995 /* DreamTripsTestetsKeyboard.appex */;
			productType = "com.apple.product-type.app-extension";
		};
/* End PBXNativeTarget section */

/* Begin PBXProject section */
		BBAF9C101B831B6C006B0995 /* Project object */ = {
			isa = PBXProject;
			attributes = {
				LastUpgradeCheck = 0640;
				ORGANIZATIONNAME = "Vladimir Bondarev";
				TargetAttributes = {
					BBAF9C171B831B6C006B0995 = {
						CreatedOnToolsVersion = 6.4;
					};
					BBAF9C301B831B6C006B0995 = {
						CreatedOnToolsVersion = 6.4;
						TestTargetID = BBAF9C171B831B6C006B0995;
					};
					BBAF9C441B831B98006B0995 = {
						CreatedOnToolsVersion = 6.4;
					};
				};
			};
			buildConfigurationList = BBAF9C131B831B6C006B0995 /* Build configuration list for PBXProject "DreamTripsKeyboard" */;
			compatibilityVersion = "Xcode 3.2";
			developmentRegion = English;
			hasScannedForEncodings = 0;
			knownRegions = (
				en,
				Base,
			);
			mainGroup = BBAF9C0F1B831B6C006B0995;
			productRefGroup = BBAF9C191B831B6C006B0995 /* Products */;
			projectDirPath = "";
			projectRoot = "";
			targets = (
				BBAF9C171B831B6C006B0995 /* DreamTripsKeyboard */,
				BBAF9C301B831B6C006B0995 /* DreamTripsKeyboardTests */,
				BBAF9C441B831B98006B0995 /* DreamTripsTestetsKeyboard */,
			);
		};
/* End PBXProject section */

/* Begin PBXResourcesBuildPhase section */
		BBAF9C161B831B6C006B0995 /* Resources */ = {
			isa = PBXResourcesBuildPhase;
			buildActionMask = 2147483647;
			files = (
				BBAF9C271B831B6C006B0995 /* Main.storyboard in Resources */,
				BBAF9C2C1B831B6C006B0995 /* LaunchScreen.xib in Resources */,
				BBAF9C291B831B6C006B0995 /* Images.xcassets in Resources */,
			);
			runOnlyForDeploymentPostprocessing = 0;
		};
		BBAF9C2F1B831B6C006B0995 /* Resources */ = {
			isa = PBXResourcesBuildPhase;
			buildActionMask = 2147483647;
			files = (
			);
			runOnlyForDeploymentPostprocessing = 0;
		};
		BBAF9C431B831B98006B0995 /* Resources */ = {
			isa = PBXResourcesBuildPhase;
			buildActionMask = 2147483647;
			files = (
			);
			runOnlyForDeploymentPostprocessing = 0;
		};
/* End PBXResourcesBuildPhase section */

/* Begin PBXSourcesBuildPhase section */
		BBAF9C141B831B6C006B0995 /* Sources */ = {
			isa = PBXSourcesBuildPhase;
			buildActionMask = 2147483647;
			files = (
				BBAF9C7E1B831C24006B0995 /* NSLayoutConstraint+MASDebugAdditions.m in Sources */,
				BBAF9C7A1B831C24006B0995 /* MASViewConstraint.m in Sources */,
				BBAF9C701B831C24006B0995 /* MASCompositeConstraint.m in Sources */,
				BBAF9C7C1B831C24006B0995 /* NSArray+MASAdditions.m in Sources */,
				BBAF9C241B831B6C006B0995 /* ViewController.m in Sources */,
				BBAF9C211B831B6C006B0995 /* AppDelegate.m in Sources */,
				BBAF9C761B831C24006B0995 /* MASLayoutConstraint.m in Sources */,
				BBAF9C1E1B831B6C006B0995 /* main.m in Sources */,
				BBAF9C801B831C24006B0995 /* View+MASAdditions.m in Sources */,
				BBAF9C781B831C24006B0995 /* MASViewAttribute.m in Sources */,
				BBAF9C721B831C24006B0995 /* MASConstraint.m in Sources */,
				BBAF9C741B831C24006B0995 /* MASConstraintMaker.m in Sources */,
			);
			runOnlyForDeploymentPostprocessing = 0;
		};
		BBAF9C2D1B831B6C006B0995 /* Sources */ = {
			isa = PBXSourcesBuildPhase;
			buildActionMask = 2147483647;
			files = (
				BBAF9C381B831B6C006B0995 /* DreamTripsKeyboardTests.m in Sources */,
			);
			runOnlyForDeploymentPostprocessing = 0;
		};
		BBAF9C411B831B98006B0995 /* Sources */ = {
			isa = PBXSourcesBuildPhase;
			buildActionMask = 2147483647;
			files = (
				BBAF9C711B831C24006B0995 /* MASCompositeConstraint.m in Sources */,
				BBAF9C751B831C24006B0995 /* MASConstraintMaker.m in Sources */,
				BBAF9C7F1B831C24006B0995 /* NSLayoutConstraint+MASDebugAdditions.m in Sources */,
				BBAF9C771B831C24006B0995 /* MASLayoutConstraint.m in Sources */,
				BBAF9C4B1B831B98006B0995 /* KeyboardViewController.m in Sources */,
				BBAF9C7D1B831C24006B0995 /* NSArray+MASAdditions.m in Sources */,
				BBAF9C7B1B831C24006B0995 /* MASViewConstraint.m in Sources */,
				BBAF9C731B831C24006B0995 /* MASConstraint.m in Sources */,
				BBAF9C811B831C24006B0995 /* View+MASAdditions.m in Sources */,
				BBAF9C791B831C24006B0995 /* MASViewAttribute.m in Sources */,
			);
			runOnlyForDeploymentPostprocessing = 0;
		};
/* End PBXSourcesBuildPhase section */

/* Begin PBXTargetDependency section */
		BBAF9C331B831B6C006B0995 /* PBXTargetDependency */ = {
			isa = PBXTargetDependency;
			target = BBAF9C171B831B6C006B0995 /* DreamTripsKeyboard */;
			targetProxy = BBAF9C321B831B6C006B0995 /* PBXContainerItemProxy */;
		};
		BBAF9C4D1B831B98006B0995 /* PBXTargetDependency */ = {
			isa = PBXTargetDependency;
			target = BBAF9C441B831B98006B0995 /* DreamTripsTestetsKeyboard */;
			targetProxy = BBAF9C4C1B831B98006B0995 /* PBXContainerItemProxy */;
		};
/* End PBXTargetDependency section */

/* Begin PBXVariantGroup section */
		BBAF9C251B831B6C006B0995 /* Main.storyboard */ = {
			isa = PBXVariantGroup;
			children = (
				BBAF9C261B831B6C006B0995 /* Base */,
			);
			name = Main.storyboard;
			sourceTree = "<group>";
		};
		BBAF9C2A1B831B6C006B0995 /* LaunchScreen.xib */ = {
			isa = PBXVariantGroup;
			children = (
				BBAF9C2B1B831B6C006B0995 /* Base */,
			);
			name = LaunchScreen.xib;
			sourceTree = "<group>";
		};
/* End PBXVariantGroup section */

/* Begin XCBuildConfiguration section */
		BBAF9C391B831B6C006B0995 /* Debug */ = {
			isa = XCBuildConfiguration;
			buildSettings = {
				ALWAYS_SEARCH_USER_PATHS = NO;
				CLANG_CXX_LANGUAGE_STANDARD = "gnu++0x";
				CLANG_CXX_LIBRARY = "libc++";
				CLANG_ENABLE_MODULES = YES;
				CLANG_ENABLE_OBJC_ARC = YES;
				CLANG_WARN_BOOL_CONVERSION = YES;
				CLANG_WARN_CONSTANT_CONVERSION = YES;
				CLANG_WARN_DIRECT_OBJC_ISA_USAGE = YES_ERROR;
				CLANG_WARN_EMPTY_BODY = YES;
				CLANG_WARN_ENUM_CONVERSION = YES;
				CLANG_WARN_INT_CONVERSION = YES;
				CLANG_WARN_OBJC_ROOT_CLASS = YES_ERROR;
				CLANG_WARN_UNREACHABLE_CODE = YES;
				CLANG_WARN__DUPLICATE_METHOD_MATCH = YES;
				"CODE_SIGN_IDENTITY[sdk=iphoneos*]" = "iPhone Developer";
				COPY_PHASE_STRIP = NO;
				DEBUG_INFORMATION_FORMAT = "dwarf-with-dsym";
				ENABLE_STRICT_OBJC_MSGSEND = YES;
				GCC_C_LANGUAGE_STANDARD = gnu99;
				GCC_DYNAMIC_NO_PIC = NO;
				GCC_NO_COMMON_BLOCKS = YES;
				GCC_OPTIMIZATION_LEVEL = 0;
				GCC_PREPROCESSOR_DEFINITIONS = (
					"DEBUG=1",
					"$(inherited)",
				);
				GCC_SYMBOLS_PRIVATE_EXTERN = NO;
				GCC_WARN_64_TO_32_BIT_CONVERSION = YES;
				GCC_WARN_ABOUT_RETURN_TYPE = YES_ERROR;
				GCC_WARN_UNDECLARED_SELECTOR = YES;
				GCC_WARN_UNINITIALIZED_AUTOS = YES_AGGRESSIVE;
				GCC_WARN_UNUSED_FUNCTION = YES;
				GCC_WARN_UNUSED_VARIABLE = YES;
				IPHONEOS_DEPLOYMENT_TARGET = 8.4;
				MTL_ENABLE_DEBUG_INFO = YES;
				ONLY_ACTIVE_ARCH = YES;
				SDKROOT = iphoneos;
				TARGETED_DEVICE_FAMILY = "1,2";
			};
			name = Debug;
		};
		BBAF9C3A1B831B6C006B0995 /* Release */ = {
			isa = XCBuildConfiguration;
			buildSettings = {
				ALWAYS_SEARCH_USER_PATHS = NO;
				CLANG_CXX_LANGUAGE_STANDARD = "gnu++0x";
				CLANG_CXX_LIBRARY = "libc++";
				CLANG_ENABLE_MODULES = YES;
				CLANG_ENABLE_OBJC_ARC = YES;
				CLANG_WARN_BOOL_CONVERSION = YES;
				CLANG_WARN_CONSTANT_CONVERSION = YES;
				CLANG_WARN_DIRECT_OBJC_ISA_USAGE = YES_ERROR;
				CLANG_WARN_EMPTY_BODY = YES;
				CLANG_WARN_ENUM_CONVERSION = YES;
				CLANG_WARN_INT_CONVERSION = YES;
				CLANG_WARN_OBJC_ROOT_CLASS = YES_ERROR;
				CLANG_WARN_UNREACHABLE_CODE = YES;
				CLANG_WARN__DUPLICATE_METHOD_MATCH = YES;
				"CODE_SIGN_IDENTITY[sdk=iphoneos*]" = "iPhone Developer";
				COPY_PHASE_STRIP = NO;
				DEBUG_INFORMATION_FORMAT = "dwarf-with-dsym";
				ENABLE_NS_ASSERTIONS = NO;
				ENABLE_STRICT_OBJC_MSGSEND = YES;
				GCC_C_LANGUAGE_STANDARD = gnu99;
				GCC_NO_COMMON_BLOCKS = YES;
				GCC_WARN_64_TO_32_BIT_CONVERSION = YES;
				GCC_WARN_ABOUT_RETURN_TYPE = YES_ERROR;
				GCC_WARN_UNDECLARED_SELECTOR = YES;
				GCC_WARN_UNINITIALIZED_AUTOS = YES_AGGRESSIVE;
				GCC_WARN_UNUSED_FUNCTION = YES;
				GCC_WARN_UNUSED_VARIABLE = YES;
				IPHONEOS_DEPLOYMENT_TARGET = 8.4;
				MTL_ENABLE_DEBUG_INFO = NO;
				SDKROOT = iphoneos;
				TARGETED_DEVICE_FAMILY = "1,2";
				VALIDATE_PRODUCT = YES;
			};
			name = Release;
		};
		BBAF9C3C1B831B6C006B0995 /* Debug */ = {
			isa = XCBuildConfiguration;
			buildSettings = {
				ASSETCATALOG_COMPILER_APPICON_NAME = AppIcon;
				INFOPLIST_FILE = DreamTripsKeyboard/Info.plist;
				IPHONEOS_DEPLOYMENT_TARGET = 7.0;
				LD_RUNPATH_SEARCH_PATHS = "$(inherited) @executable_path/Frameworks";
				PRODUCT_NAME = "$(TARGET_NAME)";
			};
			name = Debug;
		};
		BBAF9C3D1B831B6C006B0995 /* Release */ = {
			isa = XCBuildConfiguration;
			buildSettings = {
				ASSETCATALOG_COMPILER_APPICON_NAME = AppIcon;
				INFOPLIST_FILE = DreamTripsKeyboard/Info.plist;
				IPHONEOS_DEPLOYMENT_TARGET = 7.0;
				LD_RUNPATH_SEARCH_PATHS = "$(inherited) @executable_path/Frameworks";
				PRODUCT_NAME = "$(TARGET_NAME)";
			};
			name = Release;
		};
		BBAF9C3F1B831B6C006B0995 /* Debug */ = {
			isa = XCBuildConfiguration;
			buildSettings = {
				BUNDLE_LOADER = "$(TEST_HOST)";
				FRAMEWORK_SEARCH_PATHS = (
					"$(SDKROOT)/Developer/Library/Frameworks",
					"$(inherited)",
				);
				GCC_PREPROCESSOR_DEFINITIONS = (
					"DEBUG=1",
					"$(inherited)",
				);
				INFOPLIST_FILE = DreamTripsKeyboardTests/Info.plist;
				LD_RUNPATH_SEARCH_PATHS = "$(inherited) @executable_path/Frameworks @loader_path/Frameworks";
				PRODUCT_NAME = "$(TARGET_NAME)";
				TEST_HOST = "$(BUILT_PRODUCTS_DIR)/DreamTripsKeyboard.app/DreamTripsKeyboard";
			};
			name = Debug;
		};
		BBAF9C401B831B6C006B0995 /* Release */ = {
			isa = XCBuildConfiguration;
			buildSettings = {
				BUNDLE_LOADER = "$(TEST_HOST)";
				FRAMEWORK_SEARCH_PATHS = (
					"$(SDKROOT)/Developer/Library/Frameworks",
					"$(inherited)",
				);
				INFOPLIST_FILE = DreamTripsKeyboardTests/Info.plist;
				LD_RUNPATH_SEARCH_PATHS = "$(inherited) @executable_path/Frameworks @loader_path/Frameworks";
				PRODUCT_NAME = "$(TARGET_NAME)";
				TEST_HOST = "$(BUILT_PRODUCTS_DIR)/DreamTripsKeyboard.app/DreamTripsKeyboard";
			};
			name = Release;
		};
		BBAF9C501B831B98006B0995 /* Debug */ = {
			isa = XCBuildConfiguration;
			buildSettings = {
				GCC_PREPROCESSOR_DEFINITIONS = (
					"DEBUG=1",
					"$(inherited)",
				);
				INFOPLIST_FILE = DreamTripsTestetsKeyboard/Info.plist;
				IPHONEOS_DEPLOYMENT_TARGET = 7.0;
				LD_RUNPATH_SEARCH_PATHS = "$(inherited) @executable_path/Frameworks @executable_path/../../Frameworks";
				PRODUCT_NAME = "$(TARGET_NAME)";
				SKIP_INSTALL = YES;
			};
			name = Debug;
		};
		BBAF9C511B831B98006B0995 /* Release */ = {
			isa = XCBuildConfiguration;
			buildSettings = {
				INFOPLIST_FILE = DreamTripsTestetsKeyboard/Info.plist;
				IPHONEOS_DEPLOYMENT_TARGET = 7.0;
				LD_RUNPATH_SEARCH_PATHS = "$(inherited) @executable_path/Frameworks @executable_path/../../Frameworks";
				PRODUCT_NAME = "$(TARGET_NAME)";
				SKIP_INSTALL = YES;
			};
			name = Release;
		};
/* End XCBuildConfiguration section */

/* Begin XCConfigurationList section */
		BBAF9C131B831B6C006B0995 /* Build configuration list for PBXProject "DreamTripsKeyboard" */ = {
			isa = XCConfigurationList;
			buildConfigurations = (
				BBAF9C391B831B6C006B0995 /* Debug */,
				BBAF9C3A1B831B6C006B0995 /* Release */,
			);
			defaultConfigurationIsVisible = 0;
			defaultConfigurationName = Release;
		};
		BBAF9C3B1B831B6C006B0995 /* Build configuration list for PBXNativeTarget "DreamTripsKeyboard" */ = {
			isa = XCConfigurationList;
			buildConfigurations = (
				BBAF9C3C1B831B6C006B0995 /* Debug */,
				BBAF9C3D1B831B6C006B0995 /* Release */,
			);
			defaultConfigurationIsVisible = 0;
			defaultConfigurationName = Release;
		};
		BBAF9C3E1B831B6C006B0995 /* Build configuration list for PBXNativeTarget "DreamTripsKeyboardTests" */ = {
			isa = XCConfigurationList;
			buildConfigurations = (
				BBAF9C3F1B831B6C006B0995 /* Debug */,
				BBAF9C401B831B6C006B0995 /* Release */,
			);
			defaultConfigurationIsVisible = 0;
			defaultConfigurationName = Release;
		};
		BBAF9C4F1B831B98006B0995 /* Build configuration list for PBXNativeTarget "DreamTripsTestetsKeyboard" */ = {
			isa = XCConfigurationList;
			buildConfigurations = (
				BBAF9C501B831B98006B0995 /* Debug */,
				BBAF9C511B831B98006B0995 /* Release */,
			);
			defaultConfigurationIsVisible = 0;
			defaultConfigurationName = Release;
		};
/* End XCConfigurationList section */
	};
	rootObject = BBAF9C101B831B6C006B0995 /* Project object */;
}
